
Microsoft Visual Studio Solution File, Format Version 12.00
# Visual Studio Version 16
VisualStudioVersion = 16.0.30204.135
MinimumVisualStudioVersion = 10.0.40219.1
Project("{F184B08F-C81C-45F6-A57F-5ABD9991F28F}") = "ShortDevelopment_CreoExtension", "ShortDevelopment_CreoExtension\ShortDevelopment_CreoExtension.vbproj", "{355A6C4B-34F5-4C0E-9748-515FDD8CCB3E}"
EndProject
Global
	GlobalSection(SolutionConfigurationPlatforms) = preSolution
		Debug|Any CPU = Debug|Any CPU
		Release|Any CPU = Release|Any CPU
	EndGlobalSection
	GlobalSection(ProjectConfigurationPlatforms) = postSolution
		{355A6C4B-34F5-4C0E-9748-515FDD8CCB3E}.Debug|Any CPU.ActiveCfg = Debug|Any CPU
		{355A6C4B-34F5-4C0E-9748-515FDD8CCB3E}.Debug|Any CPU.Build.0 = Debug|Any CPU
		{355A6C4B-34F5-4C0E-9748-515FDD8CCB3E}.Release|Any CPU.ActiveCfg = Release|Any CPU
		{355A6C4B-34F5-4C0E-9748-515FDD8CCB3E}.Release|Any CPU.Build.0 = Release|Any CPU
	EndGlobalSection
	GlobalSection(SolutionProperties) = preSolution
		HideSolutionNode = FALSE
	EndGlobalSection
	GlobalSection(ExtensibilityGlobals) = postSolution
		SolutionGuid = {8F0A6776-3DC5-4B1C-89BF-C116989AF056}
	EndGlobalSection
EndGlobal
